{
  "name": "@openfabr/cdf-cli",
  "version": "0.0.0",
  "lockfileVersion": 3,
  "requires": true,
  "packages": {
    "": {
      "name": "@openfabr/cdf-cli",
      "version": "0.0.0",
      "license": "AGPL-3.0-only",
      "bin": {
        "cdf-cli": "cdf-cli.js",
        "cdf-init-package": "init-package.js",
        "cdf-init-project": "init-project.js",
        "cdf-schema-gen": "schema-gen.sh"
      },
      "engines": {
        "node": ">=16"
      }
    }
  }
}
